packages:
  apb:
    revision: 77ddf073f194d44b9119949d2421be59789e69ae
    version: 0.2.4
    source:
      Git: https://github.com/pulp-platform/apb.git
    dependencies:
    - common_cells
  axi:
    revision: fccffb5953ec8564218ba05e20adbedec845e014
    version: 0.39.1
    source:
      Git: https://github.com/pulp-platform/axi.git
    dependencies:
    - common_cells
    - common_verification
    - tech_cells_generic
  axi_mem_if:
    revision: 3567273b4f67bd57a81a2a503394a49641bae53a
    version: 0.2.1
    source:
      Git: git@github.com:pulp-platform/axi_mem_if.git
    dependencies:
    - axi
  axi_stream:
    revision: 54891ff40455ca94a37641b9da4604647878cc07
    version: 0.1.1
    source:
      Git: git@github.com:pulp-platform/axi_stream.git
    dependencies:
    - common_cells
  common_cells:
    revision: 2bd027cb87eaa9bf7d17196ec5f69864b35b630f
    version: 1.32.0
    source:
      Git: https://github.com/pulp-platform/common_cells.git
    dependencies:
    - common_verification
    - tech_cells_generic
  common_verification:
    revision: 9c07fa860593b2caabd9b5681740c25fac04b878
    version: 0.2.3
    source:
      Git: https://github.com/pulp-platform/common_verification.git
    dependencies: []
  idma:
    revision: a80fcace92b1562e7cd76c8615298b5623ba74d2
    version: 0.6.0-beta
    source:
      Git: git@github.com:pulp-platform/iDMA.git
    dependencies:
    - axi
    - common_cells
    - common_verification
    - idma_gen
    - register_interface
  idma_gen:
    revision: null
    version: null
    source:
      Path: .bender/git/checkouts/idma-9c2c563d827a2a73/target/rtl
    dependencies: []
  register_interface:
    revision: d7693be4aef1fc7e7eb2b00b41c42e87d959866c
    version: 0.4.2
    source:
      Git: https://github.com/pulp-platform/register_interface.git
    dependencies:
    - apb
    - axi
    - common_cells
    - common_verification
  tech_cells_generic:
    revision: 7968dd6e6180df2c644636bc6d2908a49f2190cf
    version: 0.2.13
    source:
      Git: https://github.com/pulp-platform/tech_cells_generic.git
    dependencies:
    - common_verification
