packages:
  axi:
    revision: fccffb5953ec8564218ba05e20adbedec845e014
    version: 0.39.1
    source:
      Git: git@github.com:pulp-platform/axi.git
    dependencies:
    - common_cells
    - common_verification
    - tech_cells_generic
  axi_mem_if:
    revision: 3567273b4f67bd57a81a2a503394a49641bae53a
    version: 0.2.1
    source:
      Git: git@github.com:pulp-platform/axi_mem_if.git
    dependencies:
    - axi
  common_cells:
    revision: 2bd027cb87eaa9bf7d17196ec5f69864b35b630f
    version: 1.32.0
    source:
      Git: https://github.com/pulp-platform/common_cells.git
    dependencies:
    - common_verification
    - tech_cells_generic
  common_verification:
    revision: 9c07fa860593b2caabd9b5681740c25fac04b878
    version: 0.2.3
    source:
      Git: https://github.com/pulp-platform/common_verification.git
    dependencies: []
  tech_cells_generic:
    revision: 7968dd6e6180df2c644636bc6d2908a49f2190cf
    version: 0.2.13
    source:
      Git: https://github.com/pulp-platform/tech_cells_generic.git
    dependencies:
    - common_verification
