packages:
  apb:
    revision: null
    version: null
    source:
      Path: ips/apb
    dependencies:
    - common_cells
  axi:
    revision: 39f5f2d51c5e524f6fc5cf8b6e901f7dcc5622d7
    version: 0.39.6
    source:
      Git: https://github.com/pulp-platform/axi.git
    dependencies:
    - common_cells
    - common_verification
    - tech_cells_generic
  axi_stream:
    revision: null
    version: null
    source:
      Path: ips/axi_stream
    dependencies:
    - common_cells
  common_cells:
    revision: null
    version: null
    source:
      Path: ips/common_cells
    dependencies:
    - common_verification
    - tech_cells_generic
  common_verification:
    revision: null
    version: null
    source:
      Path: ips/common_verification
    dependencies: []
  idma:
    revision: null
    version: null
    source:
      Path: ips/idma
    dependencies:
    - axi
    - axi_stream
    - common_cells
    - common_verification
    - obi
    - register_interface
  obi:
    revision: null
    version: null
    source:
      Path: ips/obi
    dependencies:
    - common_cells
    - common_verification
  register_interface:
    revision: null
    version: null
    source:
      Path: ips/register_interface
    dependencies:
    - apb
    - axi
    - common_cells
    - common_verification
  slv_guard:
    revision: null
    version: null
    source:
      Path: ips/slv_guard
    dependencies:
    - axi
    - common_cells
    - register_interface
  tech_cells_generic:
    revision: null
    version: null
    source:
      Path: ips/tech_cells_generic
    dependencies:
    - common_verification
